<?xml version="1.0" encoding="utf-8"?>
<Project ToolsVersion="4.0" xmlns="http://schemas.microsoft.com/developer/msbuild/2003">
  <ItemGroup>
    <Filter Include="Исходные файлы">
      <UniqueIdentifier>{4FC737F1-C7A5-4376-A066-2A32D752A2FF}</UniqueIdentifier>
      <Extensions>cpp;c;cc;cxx;c++;cppm;ixx;def;odl;idl;hpj;bat;asm;asmx</Extensions>
    </Filter>
    <Filter Include="Файлы заголовков">
      <UniqueIdentifier>{93995380-89BD-4b04-88EB-625FBE52EBFB}</UniqueIdentifier>
      <Extensions>h;hh;hpp;hxx;h++;hm;inl;inc;ipp;xsd</Extensions>
    </Filter>
    <Filter Include="Файлы ресурсов">
      <UniqueIdentifier>{67DA6AB6-F800-4c08-8B7A-83BB121AAD01}</UniqueIdentifier>
      <Extensions>rc;ico;cur;bmp;dlg;rc2;rct;bin;rgs;gif;jpg;jpeg;jpe;resx;tiff;tif;png;wav;mfcribbon-ms</Extensions>
    </Filter>
    <Filter Include="Network">
      <UniqueIdentifier>{4acc7442-2480-4017-9517-b6bb8a81766f}</UniqueIdentifier>
    </Filter>
    <Filter Include="Models">
      <UniqueIdentifier>{ad90866a-62a0-4160-b06e-e76380b8ffa3}</UniqueIdentifier>
    </Filter>
    <Filter Include="Utils">
      <UniqueIdentifier>{d7ee2f86-3755-498a-9a51-9460bb3d383f}</UniqueIdentifier>
    </Filter>
    <Filter Include="External">
      <UniqueIdentifier>{f8c3d1e2-9b4a-4d7e-8c1f-2a3b4c5d6e7f}</UniqueIdentifier>
    </Filter>
  </ItemGroup>
  <ItemGroup>
    <ClCompile Include="BinanceConnector.cpp">
      <Filter>Исходные файлы</Filter>
    </ClCompile>
    <ClCompile Include="..\simdjson\simdjson-master\singleheader\simdjson.cpp">
      <Filter>External</Filter>
    </ClCompile>
    <ClCompile Include="Network\WebSocketSession.cpp">
      <Filter>Исходные файлы</Filter>
    </ClCompile>
    <ClCompile Include="Network\UserDataStream.cpp">
      <Filter>Исходные файлы</Filter>
    </ClCompile>
    <ClCompile Include="Network\DataFeedManager.cpp">
      <Filter>Исходные файлы</Filter>
    </ClCompile>
    <ClCompile Include="OrderBook\LocalOrderBook.cpp">
      <Filter>Исходные файлы</Filter>
    </ClCompile>
    <ClCompile Include="OrderBook\SnapshotSynchronizer.cpp">
      <Filter>Исходные файлы</Filter>
    </ClCompile>
    <ClCompile Include="Strategy\DensityDetector.cpp">
      <Filter>Исходные файлы</Filter>
    </ClCompile>
    <ClCompile Include="Strategy\TakerFlowAnalyzer.cpp">
      <Filter>Исходные файлы</Filter>
    </ClCompile>
    <ClCompile Include="Strategy\StrategyEngine.cpp">
      <Filter>Исходные файлы</Filter>
    </ClCompile>
    <ClCompile Include="Trading\RiskManager.cpp">
      <Filter>Исходные файлы</Filter>
    </ClCompile>
    <ClCompile Include="Trading\RestExecutor.cpp">
      <Filter>Исходные файлы</Filter>
    </ClCompile>
    <ClCompile Include="Trading\OrderManagementSystem.cpp">
      <Filter>Исходные файлы</Filter>
    </ClCompile>
    <ClCompile Include="Network\HttpClient.cpp">
      <Filter>Исходные файлы</Filter>
    </ClCompile>
    <ClCompile Include="Infrastructure\AsyncLogger.cpp">
      <Filter>Исходные файлы</Filter>
    </ClCompile>
    <ClCompile Include="Infrastructure\TelemetryCollector.cpp">
      <Filter>Исходные файлы</Filter>
    </ClCompile>
    <ClCompile Include="Infrastructure\RemoteInterfaceServer.cpp">
      <Filter>Исходные файлы</Filter>
    </ClCompile>
    <ClCompile Include="TradingBotApplication.cpp">
      <Filter>Исходные файлы</Filter>
    </ClCompile>
  </ItemGroup>
  <ItemGroup>
    <None Include="packages.config" />
    <None Include="Memory\README.md" />
  </ItemGroup>
  <ItemGroup>
    <ClInclude Include="Types.h">
      <Filter>Models</Filter>
    </ClInclude>
    <ClInclude Include="OrderBook.h">
      <Filter>Models</Filter>
    </ClInclude>
    <ClInclude Include="SharedState.h">
      <Filter>Файлы заголовков</Filter>
    </ClInclude>
    <ClInclude Include="MarketDetails.h">
      <Filter>Файлы заголовков</Filter>
    </ClInclude>
    <ClInclude Include="BinanceConnector.h">
      <Filter>Файлы заголовков</Filter>
    </ClInclude>
    <ClInclude Include="..\simdjson\simdjson-master\singleheader\simdjson.h">
      <Filter>External</Filter>
    </ClInclude>
    <ClInclude Include="Parsing\FastParser.h">
      <Filter>Файлы заголовков</Filter>
    </ClInclude>
    <ClInclude Include="Memory\ObjectPool.h">
      <Filter>Файлы заголовков</Filter>
    </ClInclude>
    <ClInclude Include="OrderBook\LocalOrderBook.h">
      <Filter>Файлы заголовков</Filter>
    </ClInclude>
    <ClInclude Include="Strategy\DensityDetector.h">
      <Filter>Файлы заголовков</Filter>
    </ClInclude>
    <ClInclude Include="Strategy\TakerFlowAnalyzer.h">
      <Filter>Файлы заголовков</Filter>
    </ClInclude>
    <ClInclude Include="Network\WebSocketSession.h">
      <Filter>Файлы заголовков</Filter>
    </ClInclude>
    <ClInclude Include="Network\DataFeedManager.h">
      <Filter>Файлы заголовков</Filter>
    </ClInclude>
    <ClInclude Include="Network\UserDataStream.h">
      <Filter>Файлы заголовков</Filter>
    </ClInclude>
    <ClInclude Include="OrderBook\SnapshotSynchronizer.h">
      <Filter>Файлы заголовков</Filter>
    </ClInclude>
    <ClInclude Include="Strategy\StrategyEngine.h">
      <Filter>Файлы заголовков</Filter>
    </ClInclude>
    <ClInclude Include="Trading\OrderTypes.h">
      <Filter>Файлы заголовков</Filter>
    </ClInclude>
    <ClInclude Include="Trading\RiskManager.h">
      <Filter>Файлы заголовков</Filter>
    </ClInclude>
    <ClInclude Include="Trading\RestExecutor.h">
      <Filter>Файлы заголовков</Filter>
    </ClInclude>
    <ClInclude Include="Trading\OrderManagementSystem.h">
      <Filter>Файлы заголовков</Filter>
    </ClInclude>
    <ClInclude Include="Trading\ApiConfig.h">
      <Filter>Файлы заголовков</Filter>
    </ClInclude>
    <ClInclude Include="Network\HttpClient.h">
      <Filter>Файлы заголовков</Filter>
    </ClInclude>
    <ClInclude Include="Infrastructure\AsyncLogger.h">
      <Filter>Файлы заголовков</Filter>
    </ClInclude>
    <ClInclude Include="Infrastructure\TelemetryCollector.h">
      <Filter>Файлы заголовков</Filter>
    </ClInclude>
    <ClInclude Include="Infrastructure\RemoteInterfaceServer.h">
      <Filter>Файлы заголовков</Filter>
    </ClInclude>
    <ClInclude Include="Memory\SPSCQueue.h">
      <Filter>Файлы заголовков</Filter>
    </ClInclude>
    <ClInclude Include="Memory\MemoryUsageExamples.h">
      <Filter>Файлы заголовков</Filter>
    </ClInclude>
    <ClInclude Include="Threading\ThreadingModel.h">
      <Filter>Файлы заголовков</Filter>
    </ClInclude>
    <ClInclude Include="TradingBotApplication.h">
      <Filter>Файлы заголовков</Filter>
    </ClInclude>
    <ClInclude Include="BinanceConfig.h">
      <Filter>Файлы заголовков</Filter>
    </ClInclude>
  </ItemGroup>
</Project>