<Solution>
  <Configurations>
    <Platform Name="Any CPU" />
    <Platform Name="x64" />
  </Configurations>
  <Folder Name="/Docs/">
    <File Path="binance_docs/.github/workflows/pythonpackage.yml" />
    <File Path="binance_docs/.github/workflows/release.yaml" />
    <File Path="binance_docs/binance/api.py" />
    <File Path="binance_docs/binance/cm_futures/account.py" />
    <File Path="binance_docs/binance/cm_futures/data_stream.py" />
    <File Path="binance_docs/binance/cm_futures/market.py" />
    <File Path="binance_docs/binance/cm_futures/__init__.py" />
    <File Path="binance_docs/binance/error.py" />
    <File Path="binance_docs/binance/lib/authentication.py" />
    <File Path="binance_docs/binance/lib/utils.py" />
    <File Path="binance_docs/binance/lib/__init__.py" />
    <File Path="binance_docs/binance/um_futures/account.py" />
    <File Path="binance_docs/binance/um_futures/convert.py" />
    <File Path="binance_docs/binance/um_futures/data_stream.py" />
    <File Path="binance_docs/binance/um_futures/market.py" />
    <File Path="binance_docs/binance/um_futures/__init__.py" />
    <File Path="binance_docs/binance/websocket/binance_socket_manager.py" />
    <File Path="binance_docs/binance/websocket/cm_futures/websocket_client.py" />
    <File Path="binance_docs/binance/websocket/cm_futures/__init__.py" />
    <File Path="binance_docs/binance/websocket/um_futures/websocket_client.py" />
    <File Path="binance_docs/binance/websocket/um_futures/__init__.py" />
    <File Path="binance_docs/binance/websocket/websocket_client.py" />
    <File Path="binance_docs/binance/websocket/__init__.py" />
    <File Path="binance_docs/binance/__init__.py" />
    <File Path="binance_docs/binance/__version__.py" />
    <File Path="binance_docs/examples/cm_futures/market/agg_trades.py" />
    <File Path="binance_docs/examples/cm_futures/market/basis.py" />
    <File Path="binance_docs/examples/cm_futures/market/book_ticker.py" />
    <File Path="binance_docs/examples/cm_futures/market/continuous_klines.py" />
    <File Path="binance_docs/examples/cm_futures/market/depth.py" />
    <File Path="binance_docs/examples/cm_futures/market/exchange_info.py" />
    <File Path="binance_docs/examples/cm_futures/market/funding_rate.py" />
    <File Path="binance_docs/examples/cm_futures/market/historical_trades.py" />
    <File Path="binance_docs/examples/cm_futures/market/index_price_kline.py" />
    <File Path="binance_docs/examples/cm_futures/market/klines.py" />
    <File Path="binance_docs/examples/cm_futures/market/mark_price.py" />
    <File Path="binance_docs/examples/cm_futures/market/mark_price_klines.py" />
    <File Path="binance_docs/examples/cm_futures/market/open_interest.py" />
    <File Path="binance_docs/examples/cm_futures/market/open_interest_hist.py" />
    <File Path="binance_docs/examples/cm_futures/market/ping.py" />
    <File Path="binance_docs/examples/cm_futures/market/query_index_price_constituents.py" />
    <File Path="binance_docs/examples/cm_futures/market/taker_long_short_ratio.py" />
    <File Path="binance_docs/examples/cm_futures/market/ticker_24hr_price_change.py" />
    <File Path="binance_docs/examples/cm_futures/market/ticker_price.py" />
    <File Path="binance_docs/examples/cm_futures/market/time.py" />
    <File Path="binance_docs/examples/cm_futures/market/top_long_short_account_ratio.py" />
    <File Path="binance_docs/examples/cm_futures/market/top_long_short_position_ratio.py" />
    <File Path="binance_docs/examples/cm_futures/market/trades.py" />
    <File Path="binance_docs/examples/cm_futures/stream/close_listen_key.py" />
    <File Path="binance_docs/examples/cm_futures/stream/new_listen_key.py" />
    <File Path="binance_docs/examples/cm_futures/stream/renew_listen_key.py" />
    <File Path="binance_docs/examples/cm_futures/trade/cancel_batch_orders.py" />
    <File Path="binance_docs/examples/cm_futures/trade/cancel_open_orders.py" />
    <File Path="binance_docs/examples/cm_futures/trade/cancel_order.py" />
    <File Path="binance_docs/examples/cm_futures/trade/change_leverage.py" />
    <File Path="binance_docs/examples/cm_futures/trade/change_margin_type.py" />
    <File Path="binance_docs/examples/cm_futures/trade/change_position_mode.py" />
    <File Path="binance_docs/examples/cm_futures/trade/countdown_cancel_order.py" />
    <File Path="binance_docs/examples/cm_futures/trade/get_account.py" />
    <File Path="binance_docs/examples/cm_futures/trade/get_account_trades.py" />
    <File Path="binance_docs/examples/cm_futures/trade/get_adl_quantile.py" />
    <File Path="binance_docs/examples/cm_futures/trade/get_all_orders.py" />
    <File Path="binance_docs/examples/cm_futures/trade/get_balance.py" />
    <File Path="binance_docs/examples/cm_futures/trade/get_commission_rate.py" />
    <File Path="binance_docs/examples/cm_futures/trade/get_download_id_transaction_history.py" />
    <File Path="binance_docs/examples/cm_futures/trade/get_force_orders.py" />
    <File Path="binance_docs/examples/cm_futures/trade/get_income_history.py" />
    <File Path="binance_docs/examples/cm_futures/trade/get_leverage_brackets.py" />
    <File Path="binance_docs/examples/cm_futures/trade/get_open_orders.py" />
    <File Path="binance_docs/examples/cm_futures/trade/get_order.py" />
    <File Path="binance_docs/examples/cm_futures/trade/get_order_modify_history.py" />
    <File Path="binance_docs/examples/cm_futures/trade/get_position_margin_history.py" />
    <File Path="binance_docs/examples/cm_futures/trade/get_position_mode.py" />
    <File Path="binance_docs/examples/cm_futures/trade/get_position_risk.py" />
    <File Path="binance_docs/examples/cm_futures/trade/modify_batch_order.py" />
    <File Path="binance_docs/examples/cm_futures/trade/modify_isolated_position_margin.py" />
    <File Path="binance_docs/examples/cm_futures/trade/modify_order.py" />
    <File Path="binance_docs/examples/cm_futures/trade/new_batch_order.py" />
    <File Path="binance_docs/examples/cm_futures/trade/new_order.py" />
    <File Path="binance_docs/examples/cm_futures/trade/query_order.py" />
    <File Path="binance_docs/examples/um_futures/convert/accept_offered_quote.py" />
    <File Path="binance_docs/examples/um_futures/convert/list_all_convert_pairs.py" />
    <File Path="binance_docs/examples/um_futures/convert/order_status.py" />
    <File Path="binance_docs/examples/um_futures/convert/send_quote_request.py" />
    <File Path="binance_docs/examples/um_futures/market/agg_trades.py" />
    <File Path="binance_docs/examples/um_futures/market/asset_index.py" />
    <File Path="binance_docs/examples/um_futures/market/blvt_kline.py" />
    <File Path="binance_docs/examples/um_futures/market/book_ticker.py" />
    <File Path="binance_docs/examples/um_futures/market/continuous_klines.py" />
    <File Path="binance_docs/examples/um_futures/market/depth.py" />
    <File Path="binance_docs/examples/um_futures/market/exchange_info.py" />
    <File Path="binance_docs/examples/um_futures/market/funding_info.py" />
    <File Path="binance_docs/examples/um_futures/market/funding_rate.py" />
    <File Path="binance_docs/examples/um_futures/market/historical_trades.py" />
    <File Path="binance_docs/examples/um_futures/market/index_info.py" />
    <File Path="binance_docs/examples/um_futures/market/index_price_constituents.py" />
    <File Path="binance_docs/examples/um_futures/market/index_price_kline.py" />
    <File Path="binance_docs/examples/um_futures/market/klines.py" />
    <File Path="binance_docs/examples/um_futures/market/mark_price.py" />
    <File Path="binance_docs/examples/um_futures/market/mark_price_klines.py" />
    <File Path="binance_docs/examples/um_futures/market/open_interest.py" />
    <File Path="binance_docs/examples/um_futures/market/open_interest_hist.py" />
    <File Path="binance_docs/examples/um_futures/market/ping.py" />
    <File Path="binance_docs/examples/um_futures/market/quarterly_contract_settlement_price.py" />
    <File Path="binance_docs/examples/um_futures/market/taker_long_short_ratio.py" />
    <File Path="binance_docs/examples/um_futures/market/ticker_24hr_price_change.py" />
    <File Path="binance_docs/examples/um_futures/market/ticker_price.py" />
    <File Path="binance_docs/examples/um_futures/market/time.py" />
    <File Path="binance_docs/examples/um_futures/market/top_long_short_account_ratio.py" />
    <File Path="binance_docs/examples/um_futures/market/top_long_short_position_ratio.py" />
    <File Path="binance_docs/examples/um_futures/market/trades.py" />
    <File Path="binance_docs/examples/um_futures/stream/close_listen_key.py" />
    <File Path="binance_docs/examples/um_futures/stream/new_listen_key.py" />
    <File Path="binance_docs/examples/um_futures/stream/renew_listen_key.py" />
    <File Path="binance_docs/examples/um_futures/trade/async_download_order_id.py" />
    <File Path="binance_docs/examples/um_futures/trade/async_download_trade_id.py" />
    <File Path="binance_docs/examples/um_futures/trade/aysnc_download_info.py" />
    <File Path="binance_docs/examples/um_futures/trade/cancel_batch_orders.py" />
    <File Path="binance_docs/examples/um_futures/trade/cancel_open_orders.py" />
    <File Path="binance_docs/examples/um_futures/trade/cancel_order.py" />
    <File Path="binance_docs/examples/um_futures/trade/change_leverage.py" />
    <File Path="binance_docs/examples/um_futures/trade/change_margin_type.py" />
    <File Path="binance_docs/examples/um_futures/trade/change_multi_asset_mode.py" />
    <File Path="binance_docs/examples/um_futures/trade/change_position_mode.py" />
    <File Path="binance_docs/examples/um_futures/trade/countdown_cancel_order.py" />
    <File Path="binance_docs/examples/um_futures/trade/download_order_asyn.py" />
    <File Path="binance_docs/examples/um_futures/trade/download_trade_asyn.py" />
    <File Path="binance_docs/examples/um_futures/trade/download_transactions_asyn.py" />
    <File Path="binance_docs/examples/um_futures/trade/futures_account_configuration.py" />
    <File Path="binance_docs/examples/um_futures/trade/get_account.py" />
    <File Path="binance_docs/examples/um_futures/trade/get_account_trades.py" />
    <File Path="binance_docs/examples/um_futures/trade/get_adl_quantile.py" />
    <File Path="binance_docs/examples/um_futures/trade/get_all_orders.py" />
    <File Path="binance_docs/examples/um_futures/trade/get_api_trading_status.py" />
    <File Path="binance_docs/examples/um_futures/trade/get_balance.py" />
    <File Path="binance_docs/examples/um_futures/trade/get_bnb_burn.py" />
    <File Path="binance_docs/examples/um_futures/trade/get_commission_rate.py" />
    <File Path="binance_docs/examples/um_futures/trade/get_force_orders.py" />
    <File Path="binance_docs/examples/um_futures/trade/get_income_history.py" />
    <File Path="binance_docs/examples/um_futures/trade/get_leverage_brackets.py" />
    <File Path="binance_docs/examples/um_futures/trade/get_multi_asset_mode.py" />
    <File Path="binance_docs/examples/um_futures/trade/get_open_orders.py" />
    <File Path="binance_docs/examples/um_futures/trade/get_orders.py" />
    <File Path="binance_docs/examples/um_futures/trade/get_position_margin_history.py" />
    <File Path="binance_docs/examples/um_futures/trade/get_position_mode.py" />
    <File Path="binance_docs/examples/um_futures/trade/get_position_risk.py" />
    <File Path="binance_docs/examples/um_futures/trade/modify_isolated_position_margin.py" />
    <File Path="binance_docs/examples/um_futures/trade/modify_order.py" />
    <File Path="binance_docs/examples/um_futures/trade/new_batch_order.py" />
    <File Path="binance_docs/examples/um_futures/trade/new_order.py" />
    <File Path="binance_docs/examples/um_futures/trade/new_order_testing.py" />
    <File Path="binance_docs/examples/um_futures/trade/query_order.py" />
    <File Path="binance_docs/examples/um_futures/trade/query_user_rate_limit.py" />
    <File Path="binance_docs/examples/um_futures/trade/symbol_configuration.py" />
    <File Path="binance_docs/examples/um_futures/trade/toggle_bnb_burn.py" />
    <File Path="binance_docs/examples/websocket/cm_futures/agg_trade.py" />
    <File Path="binance_docs/examples/websocket/cm_futures/book_ticker.py" />
    <File Path="binance_docs/examples/websocket/cm_futures/combined_streams.py" />
    <File Path="binance_docs/examples/websocket/cm_futures/continuous_klines.py" />
    <File Path="binance_docs/examples/websocket/cm_futures/diff_book_depth.py" />
    <File Path="binance_docs/examples/websocket/cm_futures/index_kline.py" />
    <File Path="binance_docs/examples/websocket/cm_futures/index_price.py" />
    <File Path="binance_docs/examples/websocket/cm_futures/kline.py" />
    <File Path="binance_docs/examples/websocket/cm_futures/liquidation_order.py" />
    <File Path="binance_docs/examples/websocket/cm_futures/mark_kline.py" />
    <File Path="binance_docs/examples/websocket/cm_futures/mark_price.py" />
    <File Path="binance_docs/examples/websocket/cm_futures/mini_ticker.py" />
    <File Path="binance_docs/examples/websocket/cm_futures/pair_mark_price.py" />
    <File Path="binance_docs/examples/websocket/cm_futures/partial_book_depth.py" />
    <File Path="binance_docs/examples/websocket/cm_futures/ticker.py" />
    <File Path="binance_docs/examples/websocket/cm_futures/user_data.py" />
    <File Path="binance_docs/examples/websocket/um_futures/agg_trade.py" />
    <File Path="binance_docs/examples/websocket/um_futures/book_ticker.py" />
    <File Path="binance_docs/examples/websocket/um_futures/combined_streams.py" />
    <File Path="binance_docs/examples/websocket/um_futures/composite_index.py" />
    <File Path="binance_docs/examples/websocket/um_futures/continuous_klines.py" />
    <File Path="binance_docs/examples/websocket/um_futures/diff_book_depth.py" />
    <File Path="binance_docs/examples/websocket/um_futures/kline.py" />
    <File Path="binance_docs/examples/websocket/um_futures/liquidation_order.py" />
    <File Path="binance_docs/examples/websocket/um_futures/mark_price.py" />
    <File Path="binance_docs/examples/websocket/um_futures/mark_price_all_market.py" />
    <File Path="binance_docs/examples/websocket/um_futures/mini_ticker.py" />
    <File Path="binance_docs/examples/websocket/um_futures/partial_book_depth.py" />
    <File Path="binance_docs/examples/websocket/um_futures/symbol_kline.py" />
    <File Path="binance_docs/examples/websocket/um_futures/ticker.py" />
    <File Path="binance_docs/examples/websocket/um_futures/user_data.py" />
    <File Path="binance_docs/requirements/common.txt" />
    <File Path="binance_docs/requirements/requirements-dev.txt" />
    <File Path="binance_docs/requirements/requirements-test.txt" />
    <File Path="binance_docs/requirements/requirements.txt" />
  </Folder>
  <Project Path="BinanceDataFeed/BinanceDataFeed.vcxproj" Id="b7c8d9e0-f1a2-4b3c-9d8e-7f6a5b4c3d2e" />
  <Project Path="TradingBot.Core/TradingBot.Core.vcxproj" Id="4bea9901-e0a0-4e3d-9c6b-6154638b19dc" />
  <Project Path="TradingBot.Runner/TradingBot.Runner.vcxproj" Id="5ac7aa39-9553-4727-a532-7d8e1be6bf79" />
</Solution>

