<?xml version="1.0" encoding="utf-8"?>
<Project ToolsVersion="4.0" xmlns="http://schemas.microsoft.com/developer/msbuild/2003">
  <ItemGroup>
    <Filter Include="Исходные файлы">
      <UniqueIdentifier>{4FC737F1-C7A5-4376-A066-2A32D752A2FF}</UniqueIdentifier>
      <Extensions>cpp;c;cc;cxx;c++;cppm;ixx;def;odl;idl;hpj;bat;asm;asmx</Extensions>
    </Filter>
    <Filter Include="Файлы заголовков">
      <UniqueIdentifier>{93995380-89BD-4b04-88EB-625FBE52EBFB}</UniqueIdentifier>
      <Extensions>h;hh;hpp;hxx;h++;hm;inl;inc;ipp;xsd</Extensions>
    </Filter>
    <Filter Include="Файлы ресурсов">
      <UniqueIdentifier>{67DA6AB6-F800-4c08-8B7A-83BB121AAD01}</UniqueIdentifier>
      <Extensions>rc;ico;cur;bmp;dlg;rc2;rct;bin;rgs;gif;jpg;jpeg;jpe;resx;tiff;tif;png;wav;mfcribbon-ms</Extensions>
    </Filter>
    <Filter Include="External">
      <UniqueIdentifier>{b4f3c5a2-7a41-4e28-8c6b-3a0b0d5e8e8f}</UniqueIdentifier>
    </Filter>
  </ItemGroup>
  <ItemGroup>
    <ClCompile Include="TradingBot.Runner.cpp">
      <Filter>Исходные файлы</Filter>
    </ClCompile>
    <ClCompile Include="Graphics.cpp">
      <Filter>Исходные файлы</Filter>
    </ClCompile>
    <ClCompile Include="OrderBookRenderer.cpp">
      <Filter>Исходные файлы</Filter>
    </ClCompile>
    <ClCompile Include="..\simdjson\simdjson-master\singleheader\simdjson.cpp">
      <Filter>External</Filter>
    </ClCompile>
    <ClCompile Include="..\BinanceDataFeed\HighSpeedDataFeed.cpp">
      <Filter>Исходные файлы</Filter>
    </ClCompile>
  </ItemGroup>
  <ItemGroup>
    <None Include="packages.config" />
    <None Include="config.json" />
    <None Include="config.production.json" />
  </ItemGroup>
  <ItemGroup>
    <ClInclude Include="Graphics.h">
      <Filter>Файлы заголовков</Filter>
    </ClInclude>
    <ClInclude Include="OrderBookRenderer.h">
      <Filter>Файлы заголовков</Filter>
    </ClInclude>
    <ClInclude Include="BinanceFeedAdapter.h">
      <Filter>Файлы заголовков</Filter>
    </ClInclude>
    <ClInclude Include="..\simdjson\simdjson-master\singleheader\simdjson.h">
      <Filter>External</Filter>
    </ClInclude>
  </ItemGroup>
</Project>