Microsoft Visual Studio Solution File, Format Version 12.00
# Visual Studio 14
VisualStudioVersion = 14.0.24720.0
MinimumVisualStudioVersion = 10.0.40219.1
Project("{FAE04EC0-301F-11D3-BF4B-00C04F79EFBC}") = "ActiproSoftware.SyntaxEditor.Wpf", "ActiproSoftware.SyntaxEditor.Wpf\ActiproSoftware.SyntaxEditor.Wpf.csproj", "{E86BAEC8-C631-406F-9D5C-D17A69AF613E}"
EndProject
Project("{FAE04EC0-301F-11D3-BF4B-00C04F79EFBC}") = "TigerTrade.Tc", "TigerTrade.Tc\TigerTrade.Tc.csproj", "{AC948A24-D767-46ED-ADDE-C1CB0B3C1FC2}"
EndProject
Project("{FAE04EC0-301F-11D3-BF4B-00C04F79EFBC}") = "SharpDX.Direct2D1", "SharpDX.Direct2D1\SharpDX.Direct2D1.csproj", "{9A376656-6843-46AC-BC98-9A787E81F389}"
EndProject
Project("{FAE04EC0-301F-11D3-BF4B-00C04F79EFBC}") = "TigerTrade.Sockets", "TigerTrade.Sockets\TigerTrade.Sockets.csproj", "{B8DA2B67-705E-43EE-997B-2A3DA993AD11}"
EndProject
Project("{FAE04EC0-301F-11D3-BF4B-00C04F79EFBC}") = "ActiproSoftware.Shared.Wpf", "ActiproSoftware.Shared.Wpf\ActiproSoftware.Shared.Wpf.csproj", "{E86150F0-31F1-4BD1-A232-171D8E62CA9B}"
EndProject
Project("{FAE04EC0-301F-11D3-BF4B-00C04F79EFBC}") = "TigerTrade.Core", "TigerTrade.Core\TigerTrade.Core.csproj", "{DF823A8A-82EB-4510-98D3-90FEEB192C8D}"
EndProject
Project("{FAE04EC0-301F-11D3-BF4B-00C04F79EFBC}") = "SharpDX.XAudio2", "SharpDX.XAudio2\SharpDX.XAudio2.csproj", "{307D52C1-42B3-40F0-90BF-9E10DBAF1BE0}"
EndProject
Project("{FAE04EC0-301F-11D3-BF4B-00C04F79EFBC}") = "ActiproSoftware.Docking.Wpf", "ActiproSoftware.Docking.Wpf\ActiproSoftware.Docking.Wpf.csproj", "{9873D516-A5D1-465B-B824-AA51D04E59E7}"
EndProject
Project("{FAE04EC0-301F-11D3-BF4B-00C04F79EFBC}") = "TigerTrade", "TigerTrade\TigerTrade.csproj", "{0B2D8E1F-BB31-41A6-BD09-E40D41D2E217}"
EndProject
Project("{FAE04EC0-301F-11D3-BF4B-00C04F79EFBC}") = "TA-Lib-Core", "TA-Lib-Core\TA-Lib-Core.csproj", "{A6BF6C34-673C-40B7-AB30-DD297C2E3CD2}"
EndProject
Project("{FAE04EC0-301F-11D3-BF4B-00C04F79EFBC}") = "System.IdentityModel.Tokens.Jwt", "System.IdentityModel.Tokens.Jwt\System.IdentityModel.Tokens.Jwt.csproj", "{662B4A6E-0610-4D6F-A8C2-A3DC845D2226}"
EndProject
Project("{FAE04EC0-301F-11D3-BF4B-00C04F79EFBC}") = "SharpDX.DXGI", "SharpDX.DXGI\SharpDX.DXGI.csproj", "{4F03B762-E2C3-406E-9960-BAF6300D66FD}"
EndProject
Project("{FAE04EC0-301F-11D3-BF4B-00C04F79EFBC}") = "SharpDX", "SharpDX\SharpDX.csproj", "{A7FB3B37-5A0A-44E2-913E-D53DAC3EEF1A}"
EndProject
Project("{FAE04EC0-301F-11D3-BF4B-00C04F79EFBC}") = "ActiproSoftware.Editors.Wpf", "ActiproSoftware.Editors.Wpf\ActiproSoftware.Editors.Wpf.csproj", "{DA9C1CE1-4A2E-49ED-A575-DC0AA896BEEB}"
EndProject
Project("{FAE04EC0-301F-11D3-BF4B-00C04F79EFBC}") = "TigerTrade.Chart", "TigerTrade.Chart\TigerTrade.Chart.csproj", "{DAC0CF0E-62D3-410A-A72C-44530B4B68CD}"
EndProject
Project("{FAE04EC0-301F-11D3-BF4B-00C04F79EFBC}") = "ActiproSoftware.Grids.Wpf", "ActiproSoftware.Grids.Wpf\ActiproSoftware.Grids.Wpf.csproj", "{33F2E4C1-F956-44F7-8813-5724D274822B}"
EndProject
Project("{FAE04EC0-301F-11D3-BF4B-00C04F79EFBC}") = "TigerTrade.Api", "TigerTrade.Api\TigerTrade.Api.csproj", "{EBA0D307-FBB4-4574-A6A7-CC4D15FA9B89}"
EndProject
Project("{FAE04EC0-301F-11D3-BF4B-00C04F79EFBC}") = "Microsoft.IdentityModel.Tokens", "Microsoft.IdentityModel.Tokens\Microsoft.IdentityModel.Tokens.csproj", "{094344C9-9A58-489C-8627-853810C5D383}"
EndProject
Project("{FAE04EC0-301F-11D3-BF4B-00C04F79EFBC}") = "MailKit", "MailKit\MailKit.csproj", "{F8AD88EF-7C1E-4ADF-B8E3-8D06C81F4FD4}"
EndProject
Project("{FAE04EC0-301F-11D3-BF4B-00C04F79EFBC}") = "ActiproSoftware.DataGrid.Contrib.Wpf", "ActiproSoftware.DataGrid.Contrib.Wpf\ActiproSoftware.DataGrid.Contrib.Wpf.csproj", "{752AD98E-6540-4615-92A1-11372C9EBE6B}"
EndProject
Project("{FAE04EC0-301F-11D3-BF4B-00C04F79EFBC}") = "TigerTrade.Dx", "TigerTrade.Dx\TigerTrade.Dx.csproj", "{E2769F6C-E9EE-4A96-B98D-1FE495E24A9E}"
EndProject
Project("{FAE04EC0-301F-11D3-BF4B-00C04F79EFBC}") = "System.Diagnostics.DiagnosticSource", "System.Diagnostics.DiagnosticSource\System.Diagnostics.DiagnosticSource.csproj", "{DF1C92C5-9897-4F2E-A8CD-AF7760F3265B}"
EndProject
Project("{FAE04EC0-301F-11D3-BF4B-00C04F79EFBC}") = "System.Buffers", "System.Buffers\System.Buffers.csproj", "{EF748C2F-884C-4E01-864C-5C9213A4034B}"
EndProject
Project("{FAE04EC0-301F-11D3-BF4B-00C04F79EFBC}") = "Microsoft.Web.WebView2.WinForms", "Microsoft.Web.WebView2.WinForms\Microsoft.Web.WebView2.WinForms.csproj", "{0C9C05C4-5767-4E85-9D58-E0BCCC7B9ABF}"
EndProject
Project("{FAE04EC0-301F-11D3-BF4B-00C04F79EFBC}") = "Microsoft.Web.WebView2.Core", "Microsoft.Web.WebView2.Core\Microsoft.Web.WebView2.Core.csproj", "{E852BBA0-8532-4C3C-9951-55831BC735C1}"
EndProject
Project("{FAE04EC0-301F-11D3-BF4B-00C04F79EFBC}") = "Microsoft.IdentityModel.Logging", "Microsoft.IdentityModel.Logging\Microsoft.IdentityModel.Logging.csproj", "{72FD5185-3C21-4B6F-BAFA-F7ADC36E5A55}"
EndProject
Project("{FAE04EC0-301F-11D3-BF4B-00C04F79EFBC}") = "Microsoft.ApplicationInsights", "Microsoft.ApplicationInsights\Microsoft.ApplicationInsights.csproj", "{4D2FD787-50CF-4D22-BDE7-8441C52B939E}"
EndProject
Project("{FAE04EC0-301F-11D3-BF4B-00C04F79EFBC}") = "ActiproSoftware.Text.Wpf", "ActiproSoftware.Text.Wpf\ActiproSoftware.Text.Wpf.csproj", "{3ED09EC0-1C1D-437D-BE46-4AFF7E8631D9}"
EndProject
Project("{FAE04EC0-301F-11D3-BF4B-00C04F79EFBC}") = "UIKIt.Templates", "UIKIt.Templates\UIKIt.Templates.csproj", "{1261FCB3-A98B-46FA-832B-C755D5569B5A}"
EndProject
Project("{FAE04EC0-301F-11D3-BF4B-00C04F79EFBC}") = "UIKit.Core", "UIKit.Core\UIKit.Core.csproj", "{BC039F08-7404-4E10-920A-33BD7A2B0F37}"
EndProject
Project("{FAE04EC0-301F-11D3-BF4B-00C04F79EFBC}") = "NAudio", "NAudio\NAudio.csproj", "{676AC924-A5FB-4B73-841A-503D8C421EFE}"
EndProject
Project("{FAE04EC0-301F-11D3-BF4B-00C04F79EFBC}") = "MimeKit", "MimeKit\MimeKit.csproj", "{2E2802F1-C43E-40FF-8AFB-D781EDB4C23C}"
EndProject
Project("{FAE04EC0-301F-11D3-BF4B-00C04F79EFBC}") = "Microsoft.IdentityModel.JsonWebTokens", "Microsoft.IdentityModel.JsonWebTokens\Microsoft.IdentityModel.JsonWebTokens.csproj", "{4C49AEBB-B936-48F5-9F5A-9BD10B18F8C0}"
EndProject
Project("{FAE04EC0-301F-11D3-BF4B-00C04F79EFBC}") = "BouncyCastle.Crypto", "BouncyCastle.Crypto\BouncyCastle.Crypto.csproj", "{5D1F6C7D-465B-470E-80D8-8D3C1BB6D942}"
EndProject
Project("{FAE04EC0-301F-11D3-BF4B-00C04F79EFBC}") = "Microsoft.Web.WebView2.Wpf", "Microsoft.Web.WebView2.Wpf\Microsoft.Web.WebView2.Wpf.csproj", "{A0938C5F-7D03-44BD-B956-093951BAAD6A}"
EndProject
Global
	GlobalSection(SolutionConfigurationPlatforms) = preSolution
		Debug|AnyCPU = Debug|AnyCPU
		Debug|x64 = Debug|x64
		Release|AnyCPU = Release|AnyCPU
		Release|x64 = Release|x64
	EndGlobalSection
	GlobalSection(ProjectConfigurationPlatforms) = postSolution
		{E86BAEC8-C631-406F-9D5C-D17A69AF613E}.Debug|AnyCPU.ActiveCfg = Debug|AnyCPU
		{E86BAEC8-C631-406F-9D5C-D17A69AF613E}.Debug|AnyCPU.Build.0 = Debug|AnyCPU
		{E86BAEC8-C631-406F-9D5C-D17A69AF613E}.Debug|x64.ActiveCfg = Debug|AnyCPU
		{E86BAEC8-C631-406F-9D5C-D17A69AF613E}.Debug|x64.Build.0 = Debug|AnyCPU
		{E86BAEC8-C631-406F-9D5C-D17A69AF613E}.Release|AnyCPU.ActiveCfg = Release|AnyCPU
		{E86BAEC8-C631-406F-9D5C-D17A69AF613E}.Release|AnyCPU.Build.0 = Release|AnyCPU
		{E86BAEC8-C631-406F-9D5C-D17A69AF613E}.Release|x64.ActiveCfg = Release|AnyCPU
		{E86BAEC8-C631-406F-9D5C-D17A69AF613E}.Release|x64.Build.0 = Release|AnyCPU
		{AC948A24-D767-46ED-ADDE-C1CB0B3C1FC2}.Debug|AnyCPU.ActiveCfg = Debug|x64
		{AC948A24-D767-46ED-ADDE-C1CB0B3C1FC2}.Debug|AnyCPU.Build.0 = Debug|x64
		{AC948A24-D767-46ED-ADDE-C1CB0B3C1FC2}.Debug|x64.ActiveCfg = Debug|x64
		{AC948A24-D767-46ED-ADDE-C1CB0B3C1FC2}.Debug|x64.Build.0 = Debug|x64
		{AC948A24-D767-46ED-ADDE-C1CB0B3C1FC2}.Release|AnyCPU.ActiveCfg = Release|x64
		{AC948A24-D767-46ED-ADDE-C1CB0B3C1FC2}.Release|AnyCPU.Build.0 = Release|x64
		{AC948A24-D767-46ED-ADDE-C1CB0B3C1FC2}.Release|x64.ActiveCfg = Release|x64
		{AC948A24-D767-46ED-ADDE-C1CB0B3C1FC2}.Release|x64.Build.0 = Release|x64
		{9A376656-6843-46AC-BC98-9A787E81F389}.Debug|AnyCPU.ActiveCfg = Debug|AnyCPU
		{9A376656-6843-46AC-BC98-9A787E81F389}.Debug|AnyCPU.Build.0 = Debug|AnyCPU
		{9A376656-6843-46AC-BC98-9A787E81F389}.Debug|x64.ActiveCfg = Debug|AnyCPU
		{9A376656-6843-46AC-BC98-9A787E81F389}.Debug|x64.Build.0 = Debug|AnyCPU
		{9A376656-6843-46AC-BC98-9A787E81F389}.Release|AnyCPU.ActiveCfg = Release|AnyCPU
		{9A376656-6843-46AC-BC98-9A787E81F389}.Release|AnyCPU.Build.0 = Release|AnyCPU
		{9A376656-6843-46AC-BC98-9A787E81F389}.Release|x64.ActiveCfg = Release|AnyCPU
		{9A376656-6843-46AC-BC98-9A787E81F389}.Release|x64.Build.0 = Release|AnyCPU
		{B8DA2B67-705E-43EE-997B-2A3DA993AD11}.Debug|AnyCPU.ActiveCfg = Debug|AnyCPU
		{B8DA2B67-705E-43EE-997B-2A3DA993AD11}.Debug|AnyCPU.Build.0 = Debug|AnyCPU
		{B8DA2B67-705E-43EE-997B-2A3DA993AD11}.Debug|x64.ActiveCfg = Debug|AnyCPU
		{B8DA2B67-705E-43EE-997B-2A3DA993AD11}.Debug|x64.Build.0 = Debug|AnyCPU
		{B8DA2B67-705E-43EE-997B-2A3DA993AD11}.Release|AnyCPU.ActiveCfg = Release|AnyCPU
		{B8DA2B67-705E-43EE-997B-2A3DA993AD11}.Release|AnyCPU.Build.0 = Release|AnyCPU
		{B8DA2B67-705E-43EE-997B-2A3DA993AD11}.Release|x64.ActiveCfg = Release|AnyCPU
		{B8DA2B67-705E-43EE-997B-2A3DA993AD11}.Release|x64.Build.0 = Release|AnyCPU
		{E86150F0-31F1-4BD1-A232-171D8E62CA9B}.Debug|AnyCPU.ActiveCfg = Debug|AnyCPU
		{E86150F0-31F1-4BD1-A232-171D8E62CA9B}.Debug|AnyCPU.Build.0 = Debug|AnyCPU
		{E86150F0-31F1-4BD1-A232-171D8E62CA9B}.Debug|x64.ActiveCfg = Debug|AnyCPU
		{E86150F0-31F1-4BD1-A232-171D8E62CA9B}.Debug|x64.Build.0 = Debug|AnyCPU
		{E86150F0-31F1-4BD1-A232-171D8E62CA9B}.Release|AnyCPU.ActiveCfg = Release|AnyCPU
		{E86150F0-31F1-4BD1-A232-171D8E62CA9B}.Release|AnyCPU.Build.0 = Release|AnyCPU
		{E86150F0-31F1-4BD1-A232-171D8E62CA9B}.Release|x64.ActiveCfg = Release|AnyCPU
		{E86150F0-31F1-4BD1-A232-171D8E62CA9B}.Release|x64.Build.0 = Release|AnyCPU
		{DF823A8A-82EB-4510-98D3-90FEEB192C8D}.Debug|AnyCPU.ActiveCfg = Debug|x64
		{DF823A8A-82EB-4510-98D3-90FEEB192C8D}.Debug|AnyCPU.Build.0 = Debug|x64
		{DF823A8A-82EB-4510-98D3-90FEEB192C8D}.Debug|x64.ActiveCfg = Debug|x64
		{DF823A8A-82EB-4510-98D3-90FEEB192C8D}.Debug|x64.Build.0 = Debug|x64
		{DF823A8A-82EB-4510-98D3-90FEEB192C8D}.Release|AnyCPU.ActiveCfg = Release|x64
		{DF823A8A-82EB-4510-98D3-90FEEB192C8D}.Release|AnyCPU.Build.0 = Release|x64
		{DF823A8A-82EB-4510-98D3-90FEEB192C8D}.Release|x64.ActiveCfg = Release|x64
		{DF823A8A-82EB-4510-98D3-90FEEB192C8D}.Release|x64.Build.0 = Release|x64
		{307D52C1-42B3-40F0-90BF-9E10DBAF1BE0}.Debug|AnyCPU.ActiveCfg = Debug|AnyCPU
		{307D52C1-42B3-40F0-90BF-9E10DBAF1BE0}.Debug|AnyCPU.Build.0 = Debug|AnyCPU
		{307D52C1-42B3-40F0-90BF-9E10DBAF1BE0}.Debug|x64.ActiveCfg = Debug|AnyCPU
		{307D52C1-42B3-40F0-90BF-9E10DBAF1BE0}.Debug|x64.Build.0 = Debug|AnyCPU
		{307D52C1-42B3-40F0-90BF-9E10DBAF1BE0}.Release|AnyCPU.ActiveCfg = Release|AnyCPU
		{307D52C1-42B3-40F0-90BF-9E10DBAF1BE0}.Release|AnyCPU.Build.0 = Release|AnyCPU
		{307D52C1-42B3-40F0-90BF-9E10DBAF1BE0}.Release|x64.ActiveCfg = Release|AnyCPU
		{307D52C1-42B3-40F0-90BF-9E10DBAF1BE0}.Release|x64.Build.0 = Release|AnyCPU
		{9873D516-A5D1-465B-B824-AA51D04E59E7}.Debug|AnyCPU.ActiveCfg = Debug|AnyCPU
		{9873D516-A5D1-465B-B824-AA51D04E59E7}.Debug|AnyCPU.Build.0 = Debug|AnyCPU
		{9873D516-A5D1-465B-B824-AA51D04E59E7}.Debug|x64.ActiveCfg = Debug|AnyCPU
		{9873D516-A5D1-465B-B824-AA51D04E59E7}.Debug|x64.Build.0 = Debug|AnyCPU
		{9873D516-A5D1-465B-B824-AA51D04E59E7}.Release|AnyCPU.ActiveCfg = Release|AnyCPU
		{9873D516-A5D1-465B-B824-AA51D04E59E7}.Release|AnyCPU.Build.0 = Release|AnyCPU
		{9873D516-A5D1-465B-B824-AA51D04E59E7}.Release|x64.ActiveCfg = Release|AnyCPU
		{9873D516-A5D1-465B-B824-AA51D04E59E7}.Release|x64.Build.0 = Release|AnyCPU
		{0B2D8E1F-BB31-41A6-BD09-E40D41D2E217}.Debug|AnyCPU.ActiveCfg = Debug|x64
		{0B2D8E1F-BB31-41A6-BD09-E40D41D2E217}.Debug|AnyCPU.Build.0 = Debug|x64
		{0B2D8E1F-BB31-41A6-BD09-E40D41D2E217}.Debug|x64.ActiveCfg = Debug|x64
		{0B2D8E1F-BB31-41A6-BD09-E40D41D2E217}.Debug|x64.Build.0 = Debug|x64
		{0B2D8E1F-BB31-41A6-BD09-E40D41D2E217}.Release|AnyCPU.ActiveCfg = Release|x64
		{0B2D8E1F-BB31-41A6-BD09-E40D41D2E217}.Release|AnyCPU.Build.0 = Release|x64
		{0B2D8E1F-BB31-41A6-BD09-E40D41D2E217}.Release|x64.ActiveCfg = Release|x64
		{0B2D8E1F-BB31-41A6-BD09-E40D41D2E217}.Release|x64.Build.0 = Release|x64
		{A6BF6C34-673C-40B7-AB30-DD297C2E3CD2}.Debug|AnyCPU.ActiveCfg = Debug|AnyCPU
		{A6BF6C34-673C-40B7-AB30-DD297C2E3CD2}.Debug|AnyCPU.Build.0 = Debug|AnyCPU
		{A6BF6C34-673C-40B7-AB30-DD297C2E3CD2}.Debug|x64.ActiveCfg = Debug|AnyCPU
		{A6BF6C34-673C-40B7-AB30-DD297C2E3CD2}.Debug|x64.Build.0 = Debug|AnyCPU
		{A6BF6C34-673C-40B7-AB30-DD297C2E3CD2}.Release|AnyCPU.ActiveCfg = Release|AnyCPU
		{A6BF6C34-673C-40B7-AB30-DD297C2E3CD2}.Release|AnyCPU.Build.0 = Release|AnyCPU
		{A6BF6C34-673C-40B7-AB30-DD297C2E3CD2}.Release|x64.ActiveCfg = Release|AnyCPU
		{A6BF6C34-673C-40B7-AB30-DD297C2E3CD2}.Release|x64.Build.0 = Release|AnyCPU
		{662B4A6E-0610-4D6F-A8C2-A3DC845D2226}.Debug|AnyCPU.ActiveCfg = Debug|AnyCPU
		{662B4A6E-0610-4D6F-A8C2-A3DC845D2226}.Debug|AnyCPU.Build.0 = Debug|AnyCPU
		{662B4A6E-0610-4D6F-A8C2-A3DC845D2226}.Debug|x64.ActiveCfg = Debug|AnyCPU
		{662B4A6E-0610-4D6F-A8C2-A3DC845D2226}.Debug|x64.Build.0 = Debug|AnyCPU
		{662B4A6E-0610-4D6F-A8C2-A3DC845D2226}.Release|AnyCPU.ActiveCfg = Release|AnyCPU
		{662B4A6E-0610-4D6F-A8C2-A3DC845D2226}.Release|AnyCPU.Build.0 = Release|AnyCPU
		{662B4A6E-0610-4D6F-A8C2-A3DC845D2226}.Release|x64.ActiveCfg = Release|AnyCPU
		{662B4A6E-0610-4D6F-A8C2-A3DC845D2226}.Release|x64.Build.0 = Release|AnyCPU
		{4F03B762-E2C3-406E-9960-BAF6300D66FD}.Debug|AnyCPU.ActiveCfg = Debug|AnyCPU
		{4F03B762-E2C3-406E-9960-BAF6300D66FD}.Debug|AnyCPU.Build.0 = Debug|AnyCPU
		{4F03B762-E2C3-406E-9960-BAF6300D66FD}.Debug|x64.ActiveCfg = Debug|AnyCPU
		{4F03B762-E2C3-406E-9960-BAF6300D66FD}.Debug|x64.Build.0 = Debug|AnyCPU
		{4F03B762-E2C3-406E-9960-BAF6300D66FD}.Release|AnyCPU.ActiveCfg = Release|AnyCPU
		{4F03B762-E2C3-406E-9960-BAF6300D66FD}.Release|AnyCPU.Build.0 = Release|AnyCPU
		{4F03B762-E2C3-406E-9960-BAF6300D66FD}.Release|x64.ActiveCfg = Release|AnyCPU
		{4F03B762-E2C3-406E-9960-BAF6300D66FD}.Release|x64.Build.0 = Release|AnyCPU
		{A7FB3B37-5A0A-44E2-913E-D53DAC3EEF1A}.Debug|AnyCPU.ActiveCfg = Debug|AnyCPU
		{A7FB3B37-5A0A-44E2-913E-D53DAC3EEF1A}.Debug|AnyCPU.Build.0 = Debug|AnyCPU
		{A7FB3B37-5A0A-44E2-913E-D53DAC3EEF1A}.Debug|x64.ActiveCfg = Debug|AnyCPU
		{A7FB3B37-5A0A-44E2-913E-D53DAC3EEF1A}.Debug|x64.Build.0 = Debug|AnyCPU
		{A7FB3B37-5A0A-44E2-913E-D53DAC3EEF1A}.Release|AnyCPU.ActiveCfg = Release|AnyCPU
		{A7FB3B37-5A0A-44E2-913E-D53DAC3EEF1A}.Release|AnyCPU.Build.0 = Release|AnyCPU
		{A7FB3B37-5A0A-44E2-913E-D53DAC3EEF1A}.Release|x64.ActiveCfg = Release|AnyCPU
		{A7FB3B37-5A0A-44E2-913E-D53DAC3EEF1A}.Release|x64.Build.0 = Release|AnyCPU
		{DA9C1CE1-4A2E-49ED-A575-DC0AA896BEEB}.Debug|AnyCPU.ActiveCfg = Debug|AnyCPU
		{DA9C1CE1-4A2E-49ED-A575-DC0AA896BEEB}.Debug|AnyCPU.Build.0 = Debug|AnyCPU
		{DA9C1CE1-4A2E-49ED-A575-DC0AA896BEEB}.Debug|x64.ActiveCfg = Debug|AnyCPU
		{DA9C1CE1-4A2E-49ED-A575-DC0AA896BEEB}.Debug|x64.Build.0 = Debug|AnyCPU
		{DA9C1CE1-4A2E-49ED-A575-DC0AA896BEEB}.Release|AnyCPU.ActiveCfg = Release|AnyCPU
		{DA9C1CE1-4A2E-49ED-A575-DC0AA896BEEB}.Release|AnyCPU.Build.0 = Release|AnyCPU
		{DA9C1CE1-4A2E-49ED-A575-DC0AA896BEEB}.Release|x64.ActiveCfg = Release|AnyCPU
		{DA9C1CE1-4A2E-49ED-A575-DC0AA896BEEB}.Release|x64.Build.0 = Release|AnyCPU
		{DAC0CF0E-62D3-410A-A72C-44530B4B68CD}.Debug|AnyCPU.ActiveCfg = Debug|x64
		{DAC0CF0E-62D3-410A-A72C-44530B4B68CD}.Debug|AnyCPU.Build.0 = Debug|x64
		{DAC0CF0E-62D3-410A-A72C-44530B4B68CD}.Debug|x64.ActiveCfg = Debug|x64
		{DAC0CF0E-62D3-410A-A72C-44530B4B68CD}.Debug|x64.Build.0 = Debug|x64
		{DAC0CF0E-62D3-410A-A72C-44530B4B68CD}.Release|AnyCPU.ActiveCfg = Release|x64
		{DAC0CF0E-62D3-410A-A72C-44530B4B68CD}.Release|AnyCPU.Build.0 = Release|x64
		{DAC0CF0E-62D3-410A-A72C-44530B4B68CD}.Release|x64.ActiveCfg = Release|x64
		{DAC0CF0E-62D3-410A-A72C-44530B4B68CD}.Release|x64.Build.0 = Release|x64
		{33F2E4C1-F956-44F7-8813-5724D274822B}.Debug|AnyCPU.ActiveCfg = Debug|AnyCPU
		{33F2E4C1-F956-44F7-8813-5724D274822B}.Debug|AnyCPU.Build.0 = Debug|AnyCPU
		{33F2E4C1-F956-44F7-8813-5724D274822B}.Debug|x64.ActiveCfg = Debug|AnyCPU
		{33F2E4C1-F956-44F7-8813-5724D274822B}.Debug|x64.Build.0 = Debug|AnyCPU
		{33F2E4C1-F956-44F7-8813-5724D274822B}.Release|AnyCPU.ActiveCfg = Release|AnyCPU
		{33F2E4C1-F956-44F7-8813-5724D274822B}.Release|AnyCPU.Build.0 = Release|AnyCPU
		{33F2E4C1-F956-44F7-8813-5724D274822B}.Release|x64.ActiveCfg = Release|AnyCPU
		{33F2E4C1-F956-44F7-8813-5724D274822B}.Release|x64.Build.0 = Release|AnyCPU
		{EBA0D307-FBB4-4574-A6A7-CC4D15FA9B89}.Debug|AnyCPU.ActiveCfg = Debug|x64
		{EBA0D307-FBB4-4574-A6A7-CC4D15FA9B89}.Debug|AnyCPU.Build.0 = Debug|x64
		{EBA0D307-FBB4-4574-A6A7-CC4D15FA9B89}.Debug|x64.ActiveCfg = Debug|x64
		{EBA0D307-FBB4-4574-A6A7-CC4D15FA9B89}.Debug|x64.Build.0 = Debug|x64
		{EBA0D307-FBB4-4574-A6A7-CC4D15FA9B89}.Release|AnyCPU.ActiveCfg = Release|x64
		{EBA0D307-FBB4-4574-A6A7-CC4D15FA9B89}.Release|AnyCPU.Build.0 = Release|x64
		{EBA0D307-FBB4-4574-A6A7-CC4D15FA9B89}.Release|x64.ActiveCfg = Release|x64
		{EBA0D307-FBB4-4574-A6A7-CC4D15FA9B89}.Release|x64.Build.0 = Release|x64
		{094344C9-9A58-489C-8627-853810C5D383}.Debug|AnyCPU.ActiveCfg = Debug|AnyCPU
		{094344C9-9A58-489C-8627-853810C5D383}.Debug|AnyCPU.Build.0 = Debug|AnyCPU
		{094344C9-9A58-489C-8627-853810C5D383}.Debug|x64.ActiveCfg = Debug|AnyCPU
		{094344C9-9A58-489C-8627-853810C5D383}.Debug|x64.Build.0 = Debug|AnyCPU
		{094344C9-9A58-489C-8627-853810C5D383}.Release|AnyCPU.ActiveCfg = Release|AnyCPU
		{094344C9-9A58-489C-8627-853810C5D383}.Release|AnyCPU.Build.0 = Release|AnyCPU
		{094344C9-9A58-489C-8627-853810C5D383}.Release|x64.ActiveCfg = Release|AnyCPU
		{094344C9-9A58-489C-8627-853810C5D383}.Release|x64.Build.0 = Release|AnyCPU
		{F8AD88EF-7C1E-4ADF-B8E3-8D06C81F4FD4}.Debug|AnyCPU.ActiveCfg = Debug|AnyCPU
		{F8AD88EF-7C1E-4ADF-B8E3-8D06C81F4FD4}.Debug|AnyCPU.Build.0 = Debug|AnyCPU
		{F8AD88EF-7C1E-4ADF-B8E3-8D06C81F4FD4}.Debug|x64.ActiveCfg = Debug|AnyCPU
		{F8AD88EF-7C1E-4ADF-B8E3-8D06C81F4FD4}.Debug|x64.Build.0 = Debug|AnyCPU
		{F8AD88EF-7C1E-4ADF-B8E3-8D06C81F4FD4}.Release|AnyCPU.ActiveCfg = Release|AnyCPU
		{F8AD88EF-7C1E-4ADF-B8E3-8D06C81F4FD4}.Release|AnyCPU.Build.0 = Release|AnyCPU
		{F8AD88EF-7C1E-4ADF-B8E3-8D06C81F4FD4}.Release|x64.ActiveCfg = Release|AnyCPU
		{F8AD88EF-7C1E-4ADF-B8E3-8D06C81F4FD4}.Release|x64.Build.0 = Release|AnyCPU
		{752AD98E-6540-4615-92A1-11372C9EBE6B}.Debug|AnyCPU.ActiveCfg = Debug|AnyCPU
		{752AD98E-6540-4615-92A1-11372C9EBE6B}.Debug|AnyCPU.Build.0 = Debug|AnyCPU
		{752AD98E-6540-4615-92A1-11372C9EBE6B}.Debug|x64.ActiveCfg = Debug|AnyCPU
		{752AD98E-6540-4615-92A1-11372C9EBE6B}.Debug|x64.Build.0 = Debug|AnyCPU
		{752AD98E-6540-4615-92A1-11372C9EBE6B}.Release|AnyCPU.ActiveCfg = Release|AnyCPU
		{752AD98E-6540-4615-92A1-11372C9EBE6B}.Release|AnyCPU.Build.0 = Release|AnyCPU
		{752AD98E-6540-4615-92A1-11372C9EBE6B}.Release|x64.ActiveCfg = Release|AnyCPU
		{752AD98E-6540-4615-92A1-11372C9EBE6B}.Release|x64.Build.0 = Release|AnyCPU
		{E2769F6C-E9EE-4A96-B98D-1FE495E24A9E}.Debug|AnyCPU.ActiveCfg = Debug|x64
		{E2769F6C-E9EE-4A96-B98D-1FE495E24A9E}.Debug|AnyCPU.Build.0 = Debug|x64
		{E2769F6C-E9EE-4A96-B98D-1FE495E24A9E}.Debug|x64.ActiveCfg = Debug|x64
		{E2769F6C-E9EE-4A96-B98D-1FE495E24A9E}.Debug|x64.Build.0 = Debug|x64
		{E2769F6C-E9EE-4A96-B98D-1FE495E24A9E}.Release|AnyCPU.ActiveCfg = Release|x64
		{E2769F6C-E9EE-4A96-B98D-1FE495E24A9E}.Release|AnyCPU.Build.0 = Release|x64
		{E2769F6C-E9EE-4A96-B98D-1FE495E24A9E}.Release|x64.ActiveCfg = Release|x64
		{E2769F6C-E9EE-4A96-B98D-1FE495E24A9E}.Release|x64.Build.0 = Release|x64
		{DF1C92C5-9897-4F2E-A8CD-AF7760F3265B}.Debug|AnyCPU.ActiveCfg = Debug|AnyCPU
		{DF1C92C5-9897-4F2E-A8CD-AF7760F3265B}.Debug|AnyCPU.Build.0 = Debug|AnyCPU
		{DF1C92C5-9897-4F2E-A8CD-AF7760F3265B}.Debug|x64.ActiveCfg = Debug|AnyCPU
		{DF1C92C5-9897-4F2E-A8CD-AF7760F3265B}.Debug|x64.Build.0 = Debug|AnyCPU
		{DF1C92C5-9897-4F2E-A8CD-AF7760F3265B}.Release|AnyCPU.ActiveCfg = Release|AnyCPU
		{DF1C92C5-9897-4F2E-A8CD-AF7760F3265B}.Release|AnyCPU.Build.0 = Release|AnyCPU
		{DF1C92C5-9897-4F2E-A8CD-AF7760F3265B}.Release|x64.ActiveCfg = Release|AnyCPU
		{DF1C92C5-9897-4F2E-A8CD-AF7760F3265B}.Release|x64.Build.0 = Release|AnyCPU
		{EF748C2F-884C-4E01-864C-5C9213A4034B}.Debug|AnyCPU.ActiveCfg = Debug|AnyCPU
		{EF748C2F-884C-4E01-864C-5C9213A4034B}.Debug|AnyCPU.Build.0 = Debug|AnyCPU
		{EF748C2F-884C-4E01-864C-5C9213A4034B}.Debug|x64.ActiveCfg = Debug|AnyCPU
		{EF748C2F-884C-4E01-864C-5C9213A4034B}.Debug|x64.Build.0 = Debug|AnyCPU
		{EF748C2F-884C-4E01-864C-5C9213A4034B}.Release|AnyCPU.ActiveCfg = Release|AnyCPU
		{EF748C2F-884C-4E01-864C-5C9213A4034B}.Release|AnyCPU.Build.0 = Release|AnyCPU
		{EF748C2F-884C-4E01-864C-5C9213A4034B}.Release|x64.ActiveCfg = Release|AnyCPU
		{EF748C2F-884C-4E01-864C-5C9213A4034B}.Release|x64.Build.0 = Release|AnyCPU
		{0C9C05C4-5767-4E85-9D58-E0BCCC7B9ABF}.Debug|AnyCPU.ActiveCfg = Debug|AnyCPU
		{0C9C05C4-5767-4E85-9D58-E0BCCC7B9ABF}.Debug|AnyCPU.Build.0 = Debug|AnyCPU
		{0C9C05C4-5767-4E85-9D58-E0BCCC7B9ABF}.Debug|x64.ActiveCfg = Debug|AnyCPU
		{0C9C05C4-5767-4E85-9D58-E0BCCC7B9ABF}.Debug|x64.Build.0 = Debug|AnyCPU
		{0C9C05C4-5767-4E85-9D58-E0BCCC7B9ABF}.Release|AnyCPU.ActiveCfg = Release|AnyCPU
		{0C9C05C4-5767-4E85-9D58-E0BCCC7B9ABF}.Release|AnyCPU.Build.0 = Release|AnyCPU
		{0C9C05C4-5767-4E85-9D58-E0BCCC7B9ABF}.Release|x64.ActiveCfg = Release|AnyCPU
		{0C9C05C4-5767-4E85-9D58-E0BCCC7B9ABF}.Release|x64.Build.0 = Release|AnyCPU
		{E852BBA0-8532-4C3C-9951-55831BC735C1}.Debug|AnyCPU.ActiveCfg = Debug|AnyCPU
		{E852BBA0-8532-4C3C-9951-55831BC735C1}.Debug|AnyCPU.Build.0 = Debug|AnyCPU
		{E852BBA0-8532-4C3C-9951-55831BC735C1}.Debug|x64.ActiveCfg = Debug|AnyCPU
		{E852BBA0-8532-4C3C-9951-55831BC735C1}.Debug|x64.Build.0 = Debug|AnyCPU
		{E852BBA0-8532-4C3C-9951-55831BC735C1}.Release|AnyCPU.ActiveCfg = Release|AnyCPU
		{E852BBA0-8532-4C3C-9951-55831BC735C1}.Release|AnyCPU.Build.0 = Release|AnyCPU
		{E852BBA0-8532-4C3C-9951-55831BC735C1}.Release|x64.ActiveCfg = Release|AnyCPU
		{E852BBA0-8532-4C3C-9951-55831BC735C1}.Release|x64.Build.0 = Release|AnyCPU
		{72FD5185-3C21-4B6F-BAFA-F7ADC36E5A55}.Debug|AnyCPU.ActiveCfg = Debug|AnyCPU
		{72FD5185-3C21-4B6F-BAFA-F7ADC36E5A55}.Debug|AnyCPU.Build.0 = Debug|AnyCPU
		{72FD5185-3C21-4B6F-BAFA-F7ADC36E5A55}.Debug|x64.ActiveCfg = Debug|AnyCPU
		{72FD5185-3C21-4B6F-BAFA-F7ADC36E5A55}.Debug|x64.Build.0 = Debug|AnyCPU
		{72FD5185-3C21-4B6F-BAFA-F7ADC36E5A55}.Release|AnyCPU.ActiveCfg = Release|AnyCPU
		{72FD5185-3C21-4B6F-BAFA-F7ADC36E5A55}.Release|AnyCPU.Build.0 = Release|AnyCPU
		{72FD5185-3C21-4B6F-BAFA-F7ADC36E5A55}.Release|x64.ActiveCfg = Release|AnyCPU
		{72FD5185-3C21-4B6F-BAFA-F7ADC36E5A55}.Release|x64.Build.0 = Release|AnyCPU
		{4D2FD787-50CF-4D22-BDE7-8441C52B939E}.Debug|AnyCPU.ActiveCfg = Debug|AnyCPU
		{4D2FD787-50CF-4D22-BDE7-8441C52B939E}.Debug|AnyCPU.Build.0 = Debug|AnyCPU
		{4D2FD787-50CF-4D22-BDE7-8441C52B939E}.Debug|x64.ActiveCfg = Debug|AnyCPU
		{4D2FD787-50CF-4D22-BDE7-8441C52B939E}.Debug|x64.Build.0 = Debug|AnyCPU
		{4D2FD787-50CF-4D22-BDE7-8441C52B939E}.Release|AnyCPU.ActiveCfg = Release|AnyCPU
		{4D2FD787-50CF-4D22-BDE7-8441C52B939E}.Release|AnyCPU.Build.0 = Release|AnyCPU
		{4D2FD787-50CF-4D22-BDE7-8441C52B939E}.Release|x64.ActiveCfg = Release|AnyCPU
		{4D2FD787-50CF-4D22-BDE7-8441C52B939E}.Release|x64.Build.0 = Release|AnyCPU
		{3ED09EC0-1C1D-437D-BE46-4AFF7E8631D9}.Debug|AnyCPU.ActiveCfg = Debug|AnyCPU
		{3ED09EC0-1C1D-437D-BE46-4AFF7E8631D9}.Debug|AnyCPU.Build.0 = Debug|AnyCPU
		{3ED09EC0-1C1D-437D-BE46-4AFF7E8631D9}.Debug|x64.ActiveCfg = Debug|AnyCPU
		{3ED09EC0-1C1D-437D-BE46-4AFF7E8631D9}.Debug|x64.Build.0 = Debug|AnyCPU
		{3ED09EC0-1C1D-437D-BE46-4AFF7E8631D9}.Release|AnyCPU.ActiveCfg = Release|AnyCPU
		{3ED09EC0-1C1D-437D-BE46-4AFF7E8631D9}.Release|AnyCPU.Build.0 = Release|AnyCPU
		{3ED09EC0-1C1D-437D-BE46-4AFF7E8631D9}.Release|x64.ActiveCfg = Release|AnyCPU
		{3ED09EC0-1C1D-437D-BE46-4AFF7E8631D9}.Release|x64.Build.0 = Release|AnyCPU
		{1261FCB3-A98B-46FA-832B-C755D5569B5A}.Debug|AnyCPU.ActiveCfg = Debug|AnyCPU
		{1261FCB3-A98B-46FA-832B-C755D5569B5A}.Debug|AnyCPU.Build.0 = Debug|AnyCPU
		{1261FCB3-A98B-46FA-832B-C755D5569B5A}.Debug|x64.ActiveCfg = Debug|AnyCPU
		{1261FCB3-A98B-46FA-832B-C755D5569B5A}.Debug|x64.Build.0 = Debug|AnyCPU
		{1261FCB3-A98B-46FA-832B-C755D5569B5A}.Release|AnyCPU.ActiveCfg = Release|AnyCPU
		{1261FCB3-A98B-46FA-832B-C755D5569B5A}.Release|AnyCPU.Build.0 = Release|AnyCPU
		{1261FCB3-A98B-46FA-832B-C755D5569B5A}.Release|x64.ActiveCfg = Release|AnyCPU
		{1261FCB3-A98B-46FA-832B-C755D5569B5A}.Release|x64.Build.0 = Release|AnyCPU
		{BC039F08-7404-4E10-920A-33BD7A2B0F37}.Debug|AnyCPU.ActiveCfg = Debug|AnyCPU
		{BC039F08-7404-4E10-920A-33BD7A2B0F37}.Debug|AnyCPU.Build.0 = Debug|AnyCPU
		{BC039F08-7404-4E10-920A-33BD7A2B0F37}.Debug|x64.ActiveCfg = Debug|AnyCPU
		{BC039F08-7404-4E10-920A-33BD7A2B0F37}.Debug|x64.Build.0 = Debug|AnyCPU
		{BC039F08-7404-4E10-920A-33BD7A2B0F37}.Release|AnyCPU.ActiveCfg = Release|AnyCPU
		{BC039F08-7404-4E10-920A-33BD7A2B0F37}.Release|AnyCPU.Build.0 = Release|AnyCPU
		{BC039F08-7404-4E10-920A-33BD7A2B0F37}.Release|x64.ActiveCfg = Release|AnyCPU
		{BC039F08-7404-4E10-920A-33BD7A2B0F37}.Release|x64.Build.0 = Release|AnyCPU
		{676AC924-A5FB-4B73-841A-503D8C421EFE}.Debug|AnyCPU.ActiveCfg = Debug|AnyCPU
		{676AC924-A5FB-4B73-841A-503D8C421EFE}.Debug|AnyCPU.Build.0 = Debug|AnyCPU
		{676AC924-A5FB-4B73-841A-503D8C421EFE}.Debug|x64.ActiveCfg = Debug|AnyCPU
		{676AC924-A5FB-4B73-841A-503D8C421EFE}.Debug|x64.Build.0 = Debug|AnyCPU
		{676AC924-A5FB-4B73-841A-503D8C421EFE}.Release|AnyCPU.ActiveCfg = Release|AnyCPU
		{676AC924-A5FB-4B73-841A-503D8C421EFE}.Release|AnyCPU.Build.0 = Release|AnyCPU
		{676AC924-A5FB-4B73-841A-503D8C421EFE}.Release|x64.ActiveCfg = Release|AnyCPU
		{676AC924-A5FB-4B73-841A-503D8C421EFE}.Release|x64.Build.0 = Release|AnyCPU
		{2E2802F1-C43E-40FF-8AFB-D781EDB4C23C}.Debug|AnyCPU.ActiveCfg = Debug|AnyCPU
		{2E2802F1-C43E-40FF-8AFB-D781EDB4C23C}.Debug|AnyCPU.Build.0 = Debug|AnyCPU
		{2E2802F1-C43E-40FF-8AFB-D781EDB4C23C}.Debug|x64.ActiveCfg = Debug|AnyCPU
		{2E2802F1-C43E-40FF-8AFB-D781EDB4C23C}.Debug|x64.Build.0 = Debug|AnyCPU
		{2E2802F1-C43E-40FF-8AFB-D781EDB4C23C}.Release|AnyCPU.ActiveCfg = Release|AnyCPU
		{2E2802F1-C43E-40FF-8AFB-D781EDB4C23C}.Release|AnyCPU.Build.0 = Release|AnyCPU
		{2E2802F1-C43E-40FF-8AFB-D781EDB4C23C}.Release|x64.ActiveCfg = Release|AnyCPU
		{2E2802F1-C43E-40FF-8AFB-D781EDB4C23C}.Release|x64.Build.0 = Release|AnyCPU
		{4C49AEBB-B936-48F5-9F5A-9BD10B18F8C0}.Debug|AnyCPU.ActiveCfg = Debug|AnyCPU
		{4C49AEBB-B936-48F5-9F5A-9BD10B18F8C0}.Debug|AnyCPU.Build.0 = Debug|AnyCPU
		{4C49AEBB-B936-48F5-9F5A-9BD10B18F8C0}.Debug|x64.ActiveCfg = Debug|AnyCPU
		{4C49AEBB-B936-48F5-9F5A-9BD10B18F8C0}.Debug|x64.Build.0 = Debug|AnyCPU
		{4C49AEBB-B936-48F5-9F5A-9BD10B18F8C0}.Release|AnyCPU.ActiveCfg = Release|AnyCPU
		{4C49AEBB-B936-48F5-9F5A-9BD10B18F8C0}.Release|AnyCPU.Build.0 = Release|AnyCPU
		{4C49AEBB-B936-48F5-9F5A-9BD10B18F8C0}.Release|x64.ActiveCfg = Release|AnyCPU
		{4C49AEBB-B936-48F5-9F5A-9BD10B18F8C0}.Release|x64.Build.0 = Release|AnyCPU
		{5D1F6C7D-465B-470E-80D8-8D3C1BB6D942}.Debug|AnyCPU.ActiveCfg = Debug|AnyCPU
		{5D1F6C7D-465B-470E-80D8-8D3C1BB6D942}.Debug|AnyCPU.Build.0 = Debug|AnyCPU
		{5D1F6C7D-465B-470E-80D8-8D3C1BB6D942}.Debug|x64.ActiveCfg = Debug|AnyCPU
		{5D1F6C7D-465B-470E-80D8-8D3C1BB6D942}.Debug|x64.Build.0 = Debug|AnyCPU
		{5D1F6C7D-465B-470E-80D8-8D3C1BB6D942}.Release|AnyCPU.ActiveCfg = Release|AnyCPU
		{5D1F6C7D-465B-470E-80D8-8D3C1BB6D942}.Release|AnyCPU.Build.0 = Release|AnyCPU
		{5D1F6C7D-465B-470E-80D8-8D3C1BB6D942}.Release|x64.ActiveCfg = Release|AnyCPU
		{5D1F6C7D-465B-470E-80D8-8D3C1BB6D942}.Release|x64.Build.0 = Release|AnyCPU
		{A0938C5F-7D03-44BD-B956-093951BAAD6A}.Debug|AnyCPU.ActiveCfg = Debug|AnyCPU
		{A0938C5F-7D03-44BD-B956-093951BAAD6A}.Debug|AnyCPU.Build.0 = Debug|AnyCPU
		{A0938C5F-7D03-44BD-B956-093951BAAD6A}.Debug|x64.ActiveCfg = Debug|AnyCPU
		{A0938C5F-7D03-44BD-B956-093951BAAD6A}.Debug|x64.Build.0 = Debug|AnyCPU
		{A0938C5F-7D03-44BD-B956-093951BAAD6A}.Release|AnyCPU.ActiveCfg = Release|AnyCPU
		{A0938C5F-7D03-44BD-B956-093951BAAD6A}.Release|AnyCPU.Build.0 = Release|AnyCPU
		{A0938C5F-7D03-44BD-B956-093951BAAD6A}.Release|x64.ActiveCfg = Release|AnyCPU
		{A0938C5F-7D03-44BD-B956-093951BAAD6A}.Release|x64.Build.0 = Release|AnyCPU
	EndGlobalSection
	GlobalSection(SolutionProperties) = preSolution
		HideSolutionNode = FALSE
	EndGlobalSection
EndGlobal
